// !$*UTF8*$!
{
	archiveVersion = 1;
	classes = {
	};
	objectVersion = 56;
	objects = {

/* Begin PBXBuildFile section */
		7C61672E28FF1B0B00566864 /* UIView+anchor.swift in Sources */ = {isa = PBXBuildFile; fileRef = 7C61672D28FF1B0B00566864 /* UIView+anchor.swift */; };
		7C61675129001DFE00566864 /* NetworkManager.swift in Sources */ = {isa = PBXBuildFile; fileRef = 7C61675029001DFE00566864 /* NetworkManager.swift */; };
		7C6167582901B35200566864 /* CacheManager.swift in Sources */ = {isa = PBXBuildFile; fileRef = 7C6167572901B35200566864 /* CacheManager.swift */; };
		7C6167642903161000566864 /* APIProvider.swift in Sources */ = {isa = PBXBuildFile; fileRef = 7C6167632903161000566864 /* APIProvider.swift */; };
		7C61676729031DB900566864 /* UserDefaultsKeys.swift in Sources */ = {isa = PBXBuildFile; fileRef = 7C61676629031DB900566864 /* UserDefaultsKeys.swift */; };
		7C616769290327EC00566864 /* SystemSymbol.swift in Sources */ = {isa = PBXBuildFile; fileRef = 7C616768290327EC00566864 /* SystemSymbol.swift */; };
		7C86758F28FEBFB4008A9486 /* AppDelegate.swift in Sources */ = {isa = PBXBuildFile; fileRef = 7C86758E28FEBFB4008A9486 /* AppDelegate.swift */; };
		7C86759128FEBFB4008A9486 /* SceneDelegate.swift in Sources */ = {isa = PBXBuildFile; fileRef = 7C86759028FEBFB4008A9486 /* SceneDelegate.swift */; };
		7C86759828FEBFB5008A9486 /* Assets.xcassets in Resources */ = {isa = PBXBuildFile; fileRef = 7C86759728FEBFB5008A9486 /* Assets.xcassets */; };
		7C86759B28FEBFB5008A9486 /* LaunchScreen.storyboard in Resources */ = {isa = PBXBuildFile; fileRef = 7C86759928FEBFB5008A9486 /* LaunchScreen.storyboard */; };
		7C8675A328FEC110008A9486 /* EmployeesTableViewController.swift in Sources */ = {isa = PBXBuildFile; fileRef = 7C8675A228FEC110008A9486 /* EmployeesTableViewController.swift */; };
		7CA8F03F28FEC4830023CC66 /* EmployeeCell.swift in Sources */ = {isa = PBXBuildFile; fileRef = 7CA8F03E28FEC4830023CC66 /* EmployeeCell.swift */; };
		7CA8F04128FEC5E90023CC66 /* Company.swift in Sources */ = {isa = PBXBuildFile; fileRef = 7CA8F04028FEC5E90023CC66 /* Company.swift */; };
		7CA8F04328FEC64A0023CC66 /* Employee.swift in Sources */ = {isa = PBXBuildFile; fileRef = 7CA8F04228FEC64A0023CC66 /* Employee.swift */; };
		7CEB6E8028FEE8DF00BD0214 /* CompanyItem.swift in Sources */ = {isa = PBXBuildFile; fileRef = 7CEB6E7F28FEE8DF00BD0214 /* CompanyItem.swift */; };
/* End PBXBuildFile section */

/* Begin PBXFileReference section */
		7C61672D28FF1B0B00566864 /* UIView+anchor.swift */ = {isa = PBXFileReference; lastKnownFileType = sourcecode.swift; path = "UIView+anchor.swift"; sourceTree = "<group>"; };
		7C61675029001DFE00566864 /* NetworkManager.swift */ = {isa = PBXFileReference; lastKnownFileType = sourcecode.swift; path = NetworkManager.swift; sourceTree = "<group>"; };
		7C6167572901B35200566864 /* CacheManager.swift */ = {isa = PBXFileReference; lastKnownFileType = sourcecode.swift; path = CacheManager.swift; sourceTree = "<group>"; };
		7C6167632903161000566864 /* APIProvider.swift */ = {isa = PBXFileReference; lastKnownFileType = sourcecode.swift; path = APIProvider.swift; sourceTree = "<group>"; };
		7C61676629031DB900566864 /* UserDefaultsKeys.swift */ = {isa = PBXFileReference; lastKnownFileType = sourcecode.swift; path = UserDefaultsKeys.swift; sourceTree = "<group>"; };
		7C616768290327EC00566864 /* SystemSymbol.swift */ = {isa = PBXFileReference; lastKnownFileType = sourcecode.swift; path = SystemSymbol.swift; sourceTree = "<group>"; };
		7C86758B28FEBFB4008A9486 /* iOSTraineeTaskAvito.app */ = {isa = PBXFileReference; explicitFileType = wrapper.application; includeInIndex = 0; path = iOSTraineeTaskAvito.app; sourceTree = BUILT_PRODUCTS_DIR; };
		7C86758E28FEBFB4008A9486 /* AppDelegate.swift */ = {isa = PBXFileReference; lastKnownFileType = sourcecode.swift; path = AppDelegate.swift; sourceTree = "<group>"; };
		7C86759028FEBFB4008A9486 /* SceneDelegate.swift */ = {isa = PBXFileReference; lastKnownFileType = sourcecode.swift; path = SceneDelegate.swift; sourceTree = "<group>"; };
		7C86759728FEBFB5008A9486 /* Assets.xcassets */ = {isa = PBXFileReference; lastKnownFileType = folder.assetcatalog; path = Assets.xcassets; sourceTree = "<group>"; };
		7C86759A28FEBFB5008A9486 /* Base */ = {isa = PBXFileReference; lastKnownFileType = file.storyboard; name = Base; path = Base.lproj/LaunchScreen.storyboard; sourceTree = "<group>"; };
		7C86759C28FEBFB5008A9486 /* Info.plist */ = {isa = PBXFileReference; lastKnownFileType = text.plist.xml; path = Info.plist; sourceTree = "<group>"; };
		7C8675A228FEC110008A9486 /* EmployeesTableViewController.swift */ = {isa = PBXFileReference; lastKnownFileType = sourcecode.swift; path = EmployeesTableViewController.swift; sourceTree = "<group>"; };
		7CA8F03E28FEC4830023CC66 /* EmployeeCell.swift */ = {isa = PBXFileReference; lastKnownFileType = sourcecode.swift; path = EmployeeCell.swift; sourceTree = "<group>"; };
		7CA8F04028FEC5E90023CC66 /* Company.swift */ = {isa = PBXFileReference; lastKnownFileType = sourcecode.swift; path = Company.swift; sourceTree = "<group>"; };
		7CA8F04228FEC64A0023CC66 /* Employee.swift */ = {isa = PBXFileReference; lastKnownFileType = sourcecode.swift; path = Employee.swift; sourceTree = "<group>"; };
		7CEB6E7F28FEE8DF00BD0214 /* CompanyItem.swift */ = {isa = PBXFileReference; lastKnownFileType = sourcecode.swift; path = CompanyItem.swift; sourceTree = "<group>"; };
/* End PBXFileReference section */

/* Begin PBXFrameworksBuildPhase section */
		7C86758828FEBFB4008A9486 /* Frameworks */ = {
			isa = PBXFrameworksBuildPhase;
			buildActionMask = 2147483647;
			files = (
			);
			runOnlyForDeploymentPostprocessing = 0;
		};
/* End PBXFrameworksBuildPhase section */

/* Begin PBXGroup section */
		7C61672C28FF1A6C00566864 /* Extensions */ = {
			isa = PBXGroup;
			children = (
				7C61672D28FF1B0B00566864 /* UIView+anchor.swift */,
			);
			path = Extensions;
			sourceTree = "<group>";
		};
		7C61674F29001DCA00566864 /* Network */ = {
			isa = PBXGroup;
			children = (
				7C61675029001DFE00566864 /* NetworkManager.swift */,
				7C6167632903161000566864 /* APIProvider.swift */,
			);
			path = Network;
			sourceTree = "<group>";
		};
		7C61675329002F5F00566864 /* ViewControllers */ = {
			isa = PBXGroup;
			children = (
				7C8675A228FEC110008A9486 /* EmployeesTableViewController.swift */,
			);
			path = ViewControllers;
			sourceTree = "<group>";
		};
		7C61675429002FC400566864 /* Configuration */ = {
			isa = PBXGroup;
			children = (
				7C86759C28FEBFB5008A9486 /* Info.plist */,
			);
			path = Configuration;
			sourceTree = "<group>";
		};
		7C61675529002FDA00566864 /* Resourses */ = {
			isa = PBXGroup;
			children = (
				7C86759728FEBFB5008A9486 /* Assets.xcassets */,
				7C86759928FEBFB5008A9486 /* LaunchScreen.storyboard */,
			);
			path = Resourses;
			sourceTree = "<group>";
		};
		7C6167562901B33A00566864 /* Cache */ = {
			isa = PBXGroup;
			children = (
				7C6167572901B35200566864 /* CacheManager.swift */,
			);
			path = Cache;
			sourceTree = "<group>";
		};
		7C6167622903040E00566864 /* CustomViews */ = {
			isa = PBXGroup;
			children = (
				7CA8F03E28FEC4830023CC66 /* EmployeeCell.swift */,
			);
			path = CustomViews;
			sourceTree = "<group>";
		};
		7C61676529031D9900566864 /* Util */ = {
			isa = PBXGroup;
			children = (
				7C61676629031DB900566864 /* UserDefaultsKeys.swift */,
				7C616768290327EC00566864 /* SystemSymbol.swift */,
			);
			path = Util;
			sourceTree = "<group>";
		};
		7C86758228FEBFB4008A9486 = {
			isa = PBXGroup;
			children = (
				7C86758D28FEBFB4008A9486 /* iOSTraineeTaskAvito */,
				7C86758C28FEBFB4008A9486 /* Products */,
			);
			sourceTree = "<group>";
		};
		7C86758C28FEBFB4008A9486 /* Products */ = {
			isa = PBXGroup;
			children = (
				7C86758B28FEBFB4008A9486 /* iOSTraineeTaskAvito.app */,
			);
			name = Products;
			sourceTree = "<group>";
		};
		7C86758D28FEBFB4008A9486 /* iOSTraineeTaskAvito */ = {
			isa = PBXGroup;
			children = (
				7C61675429002FC400566864 /* Configuration */,
				7CA8F04528FEC77E0023CC66 /* Common */,
				7CA8F04428FEC6FC0023CC66 /* Models */,
				7C61675329002F5F00566864 /* ViewControllers */,
				7C6167622903040E00566864 /* CustomViews */,
				7C61675529002FDA00566864 /* Resourses */,
			);
			path = iOSTraineeTaskAvito;
			sourceTree = "<group>";
		};
		7CA8F04428FEC6FC0023CC66 /* Models */ = {
			isa = PBXGroup;
			children = (
				7CEB6E7F28FEE8DF00BD0214 /* CompanyItem.swift */,
				7CA8F04028FEC5E90023CC66 /* Company.swift */,
				7CA8F04228FEC64A0023CC66 /* Employee.swift */,
			);
			path = Models;
			sourceTree = "<group>";
		};
		7CA8F04528FEC77E0023CC66 /* Common */ = {
			isa = PBXGroup;
			children = (
				7C61676529031D9900566864 /* Util */,
				7C6167562901B33A00566864 /* Cache */,
				7C61674F29001DCA00566864 /* Network */,
				7C61672C28FF1A6C00566864 /* Extensions */,
				7CA8F04628FEC7890023CC66 /* Application */,
			);
			path = Common;
			sourceTree = "<group>";
		};
		7CA8F04628FEC7890023CC66 /* Application */ = {
			isa = PBXGroup;
			children = (
				7C86758E28FEBFB4008A9486 /* AppDelegate.swift */,
				7C86759028FEBFB4008A9486 /* SceneDelegate.swift */,
			);
			path = Application;
			sourceTree = "<group>";
		};
/* End PBXGroup section */

/* Begin PBXNativeTarget section */
		7C86758A28FEBFB4008A9486 /* iOSTraineeTaskAvito */ = {
			isa = PBXNativeTarget;
			buildConfigurationList = 7C86759F28FEBFB6008A9486 /* Build configuration list for PBXNativeTarget "iOSTraineeTaskAvito" */;
			buildPhases = (
				7C86758728FEBFB4008A9486 /* Sources */,
				7C86758828FEBFB4008A9486 /* Frameworks */,
				7C86758928FEBFB4008A9486 /* Resources */,
			);
			buildRules = (
			);
			dependencies = (
			);
			name = iOSTraineeTaskAvito;
			productName = iOSTraineeTaskAvito;
			productReference = 7C86758B28FEBFB4008A9486 /* iOSTraineeTaskAvito.app */;
			productType = "com.apple.product-type.application";
		};
/* End PBXNativeTarget section */

/* Begin PBXProject section */
		7C86758328FEBFB4008A9486 /* Project object */ = {
			isa = PBXProject;
			attributes = {
				BuildIndependentTargetsInParallel = 1;
				LastSwiftUpdateCheck = 1400;
				LastUpgradeCheck = 1400;
				TargetAttributes = {
					7C86758A28FEBFB4008A9486 = {
						CreatedOnToolsVersion = 14.0.1;
					};
				};
			};
			buildConfigurationList = 7C86758628FEBFB4008A9486 /* Build configuration list for PBXProject "iOSTraineeTaskAvito" */;
			compatibilityVersion = "Xcode 14.0";
			developmentRegion = en;
			hasScannedForEncodings = 0;
			knownRegions = (
				en,
				Base,
			);
			mainGroup = 7C86758228FEBFB4008A9486;
			productRefGroup = 7C86758C28FEBFB4008A9486 /* Products */;
			projectDirPath = "";
			projectRoot = "";
			targets = (
				7C86758A28FEBFB4008A9486 /* iOSTraineeTaskAvito */,
			);
		};
/* End PBXProject section */

/* Begin PBXResourcesBuildPhase section */
		7C86758928FEBFB4008A9486 /* Resources */ = {
			isa = PBXResourcesBuildPhase;
			buildActionMask = 2147483647;
			files = (
				7C86759B28FEBFB5008A9486 /* LaunchScreen.storyboard in Resources */,
				7C86759828FEBFB5008A9486 /* Assets.xcassets in Resources */,
			);
			runOnlyForDeploymentPostprocessing = 0;
		};
/* End PBXResourcesBuildPhase section */

/* Begin PBXSourcesBuildPhase section */
		7C86758728FEBFB4008A9486 /* Sources */ = {
			isa = PBXSourcesBuildPhase;
			buildActionMask = 2147483647;
			files = (
				7C61675129001DFE00566864 /* NetworkManager.swift in Sources */,
				7C8675A328FEC110008A9486 /* EmployeesTableViewController.swift in Sources */,
				7CA8F04328FEC64A0023CC66 /* Employee.swift in Sources */,
				7CA8F03F28FEC4830023CC66 /* EmployeeCell.swift in Sources */,
				7C616769290327EC00566864 /* SystemSymbol.swift in Sources */,
				7C61676729031DB900566864 /* UserDefaultsKeys.swift in Sources */,
				7C86758F28FEBFB4008A9486 /* AppDelegate.swift in Sources */,
				7CA8F04128FEC5E90023CC66 /* Company.swift in Sources */,
				7C6167582901B35200566864 /* CacheManager.swift in Sources */,
				7C61672E28FF1B0B00566864 /* UIView+anchor.swift in Sources */,
				7C6167642903161000566864 /* APIProvider.swift in Sources */,
				7C86759128FEBFB4008A9486 /* SceneDelegate.swift in Sources */,
				7CEB6E8028FEE8DF00BD0214 /* CompanyItem.swift in Sources */,
			);
			runOnlyForDeploymentPostprocessing = 0;
		};
/* End PBXSourcesBuildPhase section */

/* Begin PBXVariantGroup section */
		7C86759928FEBFB5008A9486 /* LaunchScreen.storyboard */ = {
			isa = PBXVariantGroup;
			children = (
				7C86759A28FEBFB5008A9486 /* Base */,
			);
			name = LaunchScreen.storyboard;
			sourceTree = "<group>";
		};
/* End PBXVariantGroup section */

/* Begin XCBuildConfiguration section */
		7C86759D28FEBFB6008A9486 /* Debug */ = {
			isa = XCBuildConfiguration;
			buildSettings = {
				ALWAYS_SEARCH_USER_PATHS = NO;
				CLANG_ANALYZER_NONNULL = YES;
				CLANG_ANALYZER_NUMBER_OBJECT_CONVERSION = YES_AGGRESSIVE;
				CLANG_CXX_LANGUAGE_STANDARD = "gnu++20";
				CLANG_ENABLE_MODULES = YES;
				CLANG_ENABLE_OBJC_ARC = YES;
				CLANG_ENABLE_OBJC_WEAK = YES;
				CLANG_WARN_BLOCK_CAPTURE_AUTORELEASING = YES;
				CLANG_WARN_BOOL_CONVERSION = YES;
				CLANG_WARN_COMMA = YES;
				CLANG_WARN_CONSTANT_CONVERSION = YES;
				CLANG_WARN_DEPRECATED_OBJC_IMPLEMENTATIONS = YES;
				CLANG_WARN_DIRECT_OBJC_ISA_USAGE = YES_ERROR;
				CLANG_WARN_DOCUMENTATION_COMMENTS = YES;
				CLANG_WARN_EMPTY_BODY = YES;
				CLANG_WARN_ENUM_CONVERSION = YES;
				CLANG_WARN_INFINITE_RECURSION = YES;
				CLANG_WARN_INT_CONVERSION = YES;
				CLANG_WARN_NON_LITERAL_NULL_CONVERSION = YES;
				CLANG_WARN_OBJC_IMPLICIT_RETAIN_SELF = YES;
				CLANG_WARN_OBJC_LITERAL_CONVERSION = YES;
				CLANG_WARN_OBJC_ROOT_CLASS = YES_ERROR;
				CLANG_WARN_QUOTED_INCLUDE_IN_FRAMEWORK_HEADER = YES;
				CLANG_WARN_RANGE_LOOP_ANALYSIS = YES;
				CLANG_WARN_STRICT_PROTOTYPES = YES;
				CLANG_WARN_SUSPICIOUS_MOVE = YES;
				CLANG_WARN_UNGUARDED_AVAILABILITY = YES_AGGRESSIVE;
				CLANG_WARN_UNREACHABLE_CODE = YES;
				CLANG_WARN__DUPLICATE_METHOD_MATCH = YES;
				COPY_PHASE_STRIP = NO;
				DEBUG_INFORMATION_FORMAT = dwarf;
				ENABLE_STRICT_OBJC_MSGSEND = YES;
				ENABLE_TESTABILITY = YES;
				GCC_C_LANGUAGE_STANDARD = gnu11;
				GCC_DYNAMIC_NO_PIC = NO;
				GCC_NO_COMMON_BLOCKS = YES;
				GCC_OPTIMIZATION_LEVEL = 0;
				GCC_PREPROCESSOR_DEFINITIONS = (
					"DEBUG=1",
					"$(inherited)",
				);
				GCC_WARN_64_TO_32_BIT_CONVERSION = YES;
				GCC_WARN_ABOUT_RETURN_TYPE = YES_ERROR;
				GCC_WARN_UNDECLARED_SELECTOR = YES;
				GCC_WARN_UNINITIALIZED_AUTOS = YES_AGGRESSIVE;
				GCC_WARN_UNUSED_FUNCTION = YES;
				GCC_WARN_UNUSED_VARIABLE = YES;
				IPHONEOS_DEPLOYMENT_TARGET = 16.0;
				MTL_ENABLE_DEBUG_INFO = INCLUDE_SOURCE;
				MTL_FAST_MATH = YES;
				ONLY_ACTIVE_ARCH = YES;
				SDKROOT = iphoneos;
				SWIFT_ACTIVE_COMPILATION_CONDITIONS = DEBUG;
				SWIFT_OPTIMIZATION_LEVEL = "-Onone";
			};
			name = Debug;
		};
		7C86759E28FEBFB6008A9486 /* Release */ = {
			isa = XCBuildConfiguration;
			buildSettings = {
				ALWAYS_SEARCH_USER_PATHS = NO;
				CLANG_ANALYZER_NONNULL = YES;
				CLANG_ANALYZER_NUMBER_OBJECT_CONVERSION = YES_AGGRESSIVE;
				CLANG_CXX_LANGUAGE_STANDARD = "gnu++20";
				CLANG_ENABLE_MODULES = YES;
				CLANG_ENABLE_OBJC_ARC = YES;
				CLANG_ENABLE_OBJC_WEAK = YES;
				CLANG_WARN_BLOCK_CAPTURE_AUTORELEASING = YES;
				CLANG_WARN_BOOL_CONVERSION = YES;
				CLANG_WARN_COMMA = YES;
				CLANG_WARN_CONSTANT_CONVERSION = YES;
				CLANG_WARN_DEPRECATED_OBJC_IMPLEMENTATIONS = YES;
				CLANG_WARN_DIRECT_OBJC_ISA_USAGE = YES_ERROR;
				CLANG_WARN_DOCUMENTATION_COMMENTS = YES;
				CLANG_WARN_EMPTY_BODY = YES;
				CLANG_WARN_ENUM_CONVERSION = YES;
				CLANG_WARN_INFINITE_RECURSION = YES;
				CLANG_WARN_INT_CONVERSION = YES;
				CLANG_WARN_NON_LITERAL_NULL_CONVERSION = YES;
				CLANG_WARN_OBJC_IMPLICIT_RETAIN_SELF = YES;
				CLANG_WARN_OBJC_LITERAL_CONVERSION = YES;
				CLANG_WARN_OBJC_ROOT_CLASS = YES_ERROR;
				CLANG_WARN_QUOTED_INCLUDE_IN_FRAMEWORK_HEADER = YES;
				CLANG_WARN_RANGE_LOOP_ANALYSIS = YES;
				CLANG_WARN_STRICT_PROTOTYPES = YES;
				CLANG_WARN_SUSPICIOUS_MOVE = YES;
				CLANG_WARN_UNGUARDED_AVAILABILITY = YES_AGGRESSIVE;
				CLANG_WARN_UNREACHABLE_CODE = YES;
				CLANG_WARN__DUPLICATE_METHOD_MATCH = YES;
				COPY_PHASE_STRIP = NO;
				DEBUG_INFORMATION_FORMAT = "dwarf-with-dsym";
				ENABLE_NS_ASSERTIONS = NO;
				ENABLE_STRICT_OBJC_MSGSEND = YES;
				GCC_C_LANGUAGE_STANDARD = gnu11;
				GCC_NO_COMMON_BLOCKS = YES;
				GCC_WARN_64_TO_32_BIT_CONVERSION = YES;
				GCC_WARN_ABOUT_RETURN_TYPE = YES_ERROR;
				GCC_WARN_UNDECLARED_SELECTOR = YES;
				GCC_WARN_UNINITIALIZED_AUTOS = YES_AGGRESSIVE;
				GCC_WARN_UNUSED_FUNCTION = YES;
				GCC_WARN_UNUSED_VARIABLE = YES;
				IPHONEOS_DEPLOYMENT_TARGET = 16.0;
				MTL_ENABLE_DEBUG_INFO = NO;
				MTL_FAST_MATH = YES;
				SDKROOT = iphoneos;
				SWIFT_COMPILATION_MODE = wholemodule;
				SWIFT_OPTIMIZATION_LEVEL = "-O";
				VALIDATE_PRODUCT = YES;
			};
			name = Release;
		};
		7C8675A028FEBFB6008A9486 /* Debug */ = {
			isa = XCBuildConfiguration;
			buildSettings = {
				ASSETCATALOG_COMPILER_APPICON_NAME = AppIcon;
				ASSETCATALOG_COMPILER_GLOBAL_ACCENT_COLOR_NAME = AccentColor;
				CODE_SIGN_STYLE = Automatic;
				CURRENT_PROJECT_VERSION = 1;
				DEVELOPMENT_TEAM = MYR4RY57UC;
				GENERATE_INFOPLIST_FILE = YES;
				INFOPLIST_FILE = iOSTraineeTaskAvito/Configuration/Info.plist;
				INFOPLIST_KEY_UIApplicationSupportsIndirectInputEvents = YES;
				INFOPLIST_KEY_UILaunchStoryboardName = LaunchScreen;
				INFOPLIST_KEY_UIMainStoryboardFile = "";
				INFOPLIST_KEY_UISupportedInterfaceOrientations = UIInterfaceOrientationPortrait;
				INFOPLIST_KEY_UISupportedInterfaceOrientations_iPad = "UIInterfaceOrientationLandscapeLeft UIInterfaceOrientationLandscapeRight UIInterfaceOrientationPortrait UIInterfaceOrientationPortraitUpsideDown";
				IPHONEOS_DEPLOYMENT_TARGET = 13.0;
				LD_RUNPATH_SEARCH_PATHS = (
					"$(inherited)",
					"@executable_path/Frameworks",
				);
				MARKETING_VERSION = 1.0;
				PRODUCT_BUNDLE_IDENTIFIER = com.zhoraagadzhanyan.iOSTraineeTaskAvito;
				PRODUCT_NAME = "$(TARGET_NAME)";
				SUPPORTED_PLATFORMS = "iphoneos iphonesimulator";
				SUPPORTS_MACCATALYST = NO;
				SUPPORTS_MAC_DESIGNED_FOR_IPHONE_IPAD = NO;
				SWIFT_EMIT_LOC_STRINGS = YES;
				SWIFT_VERSION = 5.0;
				TARGETED_DEVICE_FAMILY = "1,2";
			};
			name = Debug;
		};
		7C8675A128FEBFB6008A9486 /* Release */ = {
			isa = XCBuildConfiguration;
			buildSettings = {
				ASSETCATALOG_COMPILER_APPICON_NAME = AppIcon;
				ASSETCATALOG_COMPILER_GLOBAL_ACCENT_COLOR_NAME = AccentColor;
				CODE_SIGN_STYLE = Automatic;
				CURRENT_PROJECT_VERSION = 1;
				DEVELOPMENT_TEAM = MYR4RY57UC;
				GENERATE_INFOPLIST_FILE = YES;
				INFOPLIST_FILE = iOSTraineeTaskAvito/Configuration/Info.plist;
				INFOPLIST_KEY_UIApplicationSupportsIndirectInputEvents = YES;
				INFOPLIST_KEY_UILaunchStoryboardName = LaunchScreen;
				INFOPLIST_KEY_UIMainStoryboardFile = "";
				INFOPLIST_KEY_UISupportedInterfaceOrientations = UIInterfaceOrientationPortrait;
				INFOPLIST_KEY_UISupportedInterfaceOrientations_iPad = "UIInterfaceOrientationLandscapeLeft UIInterfaceOrientationLandscapeRight UIInterfaceOrientationPortrait UIInterfaceOrientationPortraitUpsideDown";
				IPHONEOS_DEPLOYMENT_TARGET = 13.0;
				LD_RUNPATH_SEARCH_PATHS = (
					"$(inherited)",
					"@executable_path/Frameworks",
				);
				MARKETING_VERSION = 1.0;
				PRODUCT_BUNDLE_IDENTIFIER = com.zhoraagadzhanyan.iOSTraineeTaskAvito;
				PRODUCT_NAME = "$(TARGET_NAME)";
				SUPPORTED_PLATFORMS = "iphoneos iphonesimulator";
				SUPPORTS_MACCATALYST = NO;
				SUPPORTS_MAC_DESIGNED_FOR_IPHONE_IPAD = NO;
				SWIFT_EMIT_LOC_STRINGS = YES;
				SWIFT_VERSION = 5.0;
				TARGETED_DEVICE_FAMILY = "1,2";
			};
			name = Release;
		};
/* End XCBuildConfiguration section */

/* Begin XCConfigurationList section */
		7C86758628FEBFB4008A9486 /* Build configuration list for PBXProject "iOSTraineeTaskAvito" */ = {
			isa = XCConfigurationList;
			buildConfigurations = (
				7C86759D28FEBFB6008A9486 /* Debug */,
				7C86759E28FEBFB6008A9486 /* Release */,
			);
			defaultConfigurationIsVisible = 0;
			defaultConfigurationName = Release;
		};
		7C86759F28FEBFB6008A9486 /* Build configuration list for PBXNativeTarget "iOSTraineeTaskAvito" */ = {
			isa = XCConfigurationList;
			buildConfigurations = (
				7C8675A028FEBFB6008A9486 /* Debug */,
				7C8675A128FEBFB6008A9486 /* Release */,
			);
			defaultConfigurationIsVisible = 0;
			defaultConfigurationName = Release;
		};
/* End XCConfigurationList section */
	};
	rootObject = 7C86758328FEBFB4008A9486 /* Project object */;
}
